
Microsoft Visual Studio Solution File, Format Version 12.00
# Visual Studio Version 17
VisualStudioVersion = 17.11.35118.90
MinimumVisualStudioVersion = 10.0.40219.1
Project("{FAE04EC0-301F-11D3-BF4B-00C04F79EFBC}") = "CustomerPortal", "CustomerPortal\CustomerPortal.csproj", "{FAB33335-B5D1-48E3-BDC5-4AB6AA99B8DC}"
EndProject
Project("{FAE04EC0-301F-11D3-BF4B-00C04F79EFBC}") = "BOL", "BOL\BOL.csproj", "{C6351FDB-BA6C-4C55-B199-3F51812463AD}"
EndProject
Project("{FAE04EC0-301F-11D3-BF4B-00C04F79EFBC}") = "BLL", "BLL\BLL.csproj", "{F1909C89-7F85-47D4-A08E-2D3CB4C1DB50}"
EndProject
Project("{FAE04EC0-301F-11D3-BF4B-00C04F79EFBC}") = "DAL", "DAL\DAL.csproj", "{B33D4A8E-7FCB-4FF2-86C1-7D825EF0B705}"
EndProject
Global
	GlobalSection(SolutionConfigurationPlatforms) = preSolution
		Debug|Any CPU = Debug|Any CPU
		Release|Any CPU = Release|Any CPU
	EndGlobalSection
	GlobalSection(ProjectConfigurationPlatforms) = postSolution
		{FAB33335-B5D1-48E3-BDC5-4AB6AA99B8DC}.Debug|Any CPU.ActiveCfg = Debug|Any CPU
		{FAB33335-B5D1-48E3-BDC5-4AB6AA99B8DC}.Debug|Any CPU.Build.0 = Debug|Any CPU
		{FAB33335-B5D1-48E3-BDC5-4AB6AA99B8DC}.Release|Any CPU.ActiveCfg = Release|Any CPU
		{FAB33335-B5D1-48E3-BDC5-4AB6AA99B8DC}.Release|Any CPU.Build.0 = Release|Any CPU
		{C6351FDB-BA6C-4C55-B199-3F51812463AD}.Debug|Any CPU.ActiveCfg = Debug|Any CPU
		{C6351FDB-BA6C-4C55-B199-3F51812463AD}.Debug|Any CPU.Build.0 = Debug|Any CPU
		{C6351FDB-BA6C-4C55-B199-3F51812463AD}.Release|Any CPU.ActiveCfg = Release|Any CPU
		{C6351FDB-BA6C-4C55-B199-3F51812463AD}.Release|Any CPU.Build.0 = Release|Any CPU
		{F1909C89-7F85-47D4-A08E-2D3CB4C1DB50}.Debug|Any CPU.ActiveCfg = Debug|Any CPU
		{F1909C89-7F85-47D4-A08E-2D3CB4C1DB50}.Debug|Any CPU.Build.0 = Debug|Any CPU
		{F1909C89-7F85-47D4-A08E-2D3CB4C1DB50}.Release|Any CPU.ActiveCfg = Release|Any CPU
		{F1909C89-7F85-47D4-A08E-2D3CB4C1DB50}.Release|Any CPU.Build.0 = Release|Any CPU
		{B33D4A8E-7FCB-4FF2-86C1-7D825EF0B705}.Debug|Any CPU.ActiveCfg = Debug|Any CPU
		{B33D4A8E-7FCB-4FF2-86C1-7D825EF0B705}.Debug|Any CPU.Build.0 = Debug|Any CPU
		{B33D4A8E-7FCB-4FF2-86C1-7D825EF0B705}.Release|Any CPU.ActiveCfg = Release|Any CPU
		{B33D4A8E-7FCB-4FF2-86C1-7D825EF0B705}.Release|Any CPU.Build.0 = Release|Any CPU
	EndGlobalSection
	GlobalSection(SolutionProperties) = preSolution
		HideSolutionNode = FALSE
	EndGlobalSection
	GlobalSection(ExtensibilityGlobals) = postSolution
		SolutionGuid = {4AAA6612-5200-41C5-98A1-FC0F7CE17F11}
	EndGlobalSection
EndGlobal
